
Microsoft Visual Studio Solution File, Format Version 12.00
# Visual Studio Version 16
VisualStudioVersion = 16.0.30011.22
MinimumVisualStudioVersion = 10.0.40219.1
Project("{FAE04EC0-301F-11D3-BF4B-00C04F79EFBC}") = "ExpRegulares", "ExpRegulares.csproj", "{90262341-F1C3-459C-A869-AA366CC9A206}"
EndProject
Global
	GlobalSection(SolutionConfigurationPlatforms) = preSolution
		Debug|Any CPU = Debug|Any CPU
		Release|Any CPU = Release|Any CPU
	EndGlobalSection
	GlobalSection(ProjectConfigurationPlatforms) = postSolution
		{90262341-F1C3-459C-A869-AA366CC9A206}.Debug|Any CPU.ActiveCfg = Debug|Any CPU
		{90262341-F1C3-459C-A869-AA366CC9A206}.Debug|Any CPU.Build.0 = Debug|Any CPU
		{90262341-F1C3-459C-A869-AA366CC9A206}.Release|Any CPU.ActiveCfg = Release|Any CPU
		{90262341-F1C3-459C-A869-AA366CC9A206}.Release|Any CPU.Build.0 = Release|Any CPU
	EndGlobalSection
	GlobalSection(SolutionProperties) = preSolution
		HideSolutionNode = FALSE
	EndGlobalSection
	GlobalSection(ExtensibilityGlobals) = postSolution
		SolutionGuid = {9A5B5956-6A5B-4739-BA1D-9CF400B0CACC}
	EndGlobalSection
EndGlobal
