
Microsoft Visual Studio Solution File, Format Version 12.00
# Visual Studio Version 16
VisualStudioVersion = 16.0.30717.126
MinimumVisualStudioVersion = 15.0.26124.0
Project("{FAE04EC0-301F-11D3-BF4B-00C04F79EFBC}") = "SignalRChat.Server", "src\SignalRChat.Server\SignalRChat.Server.csproj", "{333A9F86-7BFA-42F6-836D-5A98F7F91379}"
EndProject
Project("{FAE04EC0-301F-11D3-BF4B-00C04F79EFBC}") = "SignalRChat.Client", "src\SignalRChat.Client\SignalRChat.Client.csproj", "{4E2A083C-C9AE-4C14-B0E4-F31A74E013D5}"
EndProject
Global
	GlobalSection(SolutionConfigurationPlatforms) = preSolution
		Debug|Any CPU = Debug|Any CPU
		Release|Any CPU = Release|Any CPU
	EndGlobalSection
	GlobalSection(ProjectConfigurationPlatforms) = postSolution
		{333A9F86-7BFA-42F6-836D-5A98F7F91379}.Debug|Any CPU.ActiveCfg = Debug|Any CPU
		{333A9F86-7BFA-42F6-836D-5A98F7F91379}.Debug|Any CPU.Build.0 = Debug|Any CPU
		{333A9F86-7BFA-42F6-836D-5A98F7F91379}.Release|Any CPU.ActiveCfg = Release|Any CPU
		{333A9F86-7BFA-42F6-836D-5A98F7F91379}.Release|Any CPU.Build.0 = Release|Any CPU
		{4E2A083C-C9AE-4C14-B0E4-F31A74E013D5}.Debug|Any CPU.ActiveCfg = Debug|Any CPU
		{4E2A083C-C9AE-4C14-B0E4-F31A74E013D5}.Debug|Any CPU.Build.0 = Debug|Any CPU
		{4E2A083C-C9AE-4C14-B0E4-F31A74E013D5}.Release|Any CPU.ActiveCfg = Release|Any CPU
		{4E2A083C-C9AE-4C14-B0E4-F31A74E013D5}.Release|Any CPU.Build.0 = Release|Any CPU
	EndGlobalSection
	GlobalSection(SolutionProperties) = preSolution
		HideSolutionNode = FALSE
	EndGlobalSection
	GlobalSection(ExtensibilityGlobals) = postSolution
		SolutionGuid = {09D49F02-13CC-4056-8962-0C25B38A7524}
	EndGlobalSection
EndGlobal
