
Microsoft Visual Studio Solution File, Format Version 12.00
# Visual Studio Version 16
VisualStudioVersion = 16.0.29411.108
MinimumVisualStudioVersion = 10.0.40219.1
Project("{FAE04EC0-301F-11D3-BF4B-00C04F79EFBC}") = "EjemploBenchmark", "EjemploBenchmark.csproj", "{0B26CEE9-6CE7-4B8A-9A36-BD91F36FEE12}"
EndProject
Global
	GlobalSection(SolutionConfigurationPlatforms) = preSolution
		Debug|Any CPU = Debug|Any CPU
		Release|Any CPU = Release|Any CPU
	EndGlobalSection
	GlobalSection(ProjectConfigurationPlatforms) = postSolution
		{0B26CEE9-6CE7-4B8A-9A36-BD91F36FEE12}.Debug|Any CPU.ActiveCfg = Debug|Any CPU
		{0B26CEE9-6CE7-4B8A-9A36-BD91F36FEE12}.Debug|Any CPU.Build.0 = Debug|Any CPU
		{0B26CEE9-6CE7-4B8A-9A36-BD91F36FEE12}.Release|Any CPU.ActiveCfg = Release|Any CPU
		{0B26CEE9-6CE7-4B8A-9A36-BD91F36FEE12}.Release|Any CPU.Build.0 = Release|Any CPU
	EndGlobalSection
	GlobalSection(SolutionProperties) = preSolution
		HideSolutionNode = FALSE
	EndGlobalSection
	GlobalSection(ExtensibilityGlobals) = postSolution
		SolutionGuid = {82CBC12C-8871-42EF-9184-E1391F9122B9}
	EndGlobalSection
EndGlobal
