
Microsoft Visual Studio Solution File, Format Version 12.00
Project("{FAE04EC0-301F-11D3-BF4B-00C04F79EFBC}") = "AotExample", "AotExample\AotExample.csproj", "{0AD9EFE1-AD71-48DF-8BC1-6FBCC3835B91}"
EndProject
Project("{FAE04EC0-301F-11D3-BF4B-00C04F79EFBC}") = "DefaultExample", "DefaultExample\DefaultExample.csproj", "{778875D1-E611-4709-98D2-85B64E4278CB}"
EndProject
Global
	GlobalSection(SolutionConfigurationPlatforms) = preSolution
		Debug|Any CPU = Debug|Any CPU
		Release|Any CPU = Release|Any CPU
	EndGlobalSection
	GlobalSection(ProjectConfigurationPlatforms) = postSolution
		{0AD9EFE1-AD71-48DF-8BC1-6FBCC3835B91}.Debug|Any CPU.ActiveCfg = Debug|Any CPU
		{0AD9EFE1-AD71-48DF-8BC1-6FBCC3835B91}.Debug|Any CPU.Build.0 = Debug|Any CPU
		{0AD9EFE1-AD71-48DF-8BC1-6FBCC3835B91}.Release|Any CPU.ActiveCfg = Release|Any CPU
		{0AD9EFE1-AD71-48DF-8BC1-6FBCC3835B91}.Release|Any CPU.Build.0 = Release|Any CPU
		{778875D1-E611-4709-98D2-85B64E4278CB}.Debug|Any CPU.ActiveCfg = Debug|Any CPU
		{778875D1-E611-4709-98D2-85B64E4278CB}.Debug|Any CPU.Build.0 = Debug|Any CPU
		{778875D1-E611-4709-98D2-85B64E4278CB}.Release|Any CPU.ActiveCfg = Release|Any CPU
		{778875D1-E611-4709-98D2-85B64E4278CB}.Release|Any CPU.Build.0 = Release|Any CPU
	EndGlobalSection
EndGlobal
